// !$*UTF8*$!
{
	archiveVersion = 1;
	classes = {
	};
	objectVersion = 50;
	objects = {

/* Begin PBXBuildFile section */
		20379F5421C114B90032CE24 /* Dashboard.storyboard in Resources */ = {isa = PBXBuildFile; fileRef = 20379F5321C114B90032CE24 /* Dashboard.storyboard */; };
		20379F5621C114DD0032CE24 /* Client.storyboard in Resources */ = {isa = PBXBuildFile; fileRef = 20379F5521C114DD0032CE24 /* Client.storyboard */; };
		20379F5821C114F50032CE24 /* Expense.storyboard in Resources */ = {isa = PBXBuildFile; fileRef = 20379F5721C114F50032CE24 /* Expense.storyboard */; };
		2089A1EE21BFF0EF0041F7E2 /* ClientsViewController.swift in Sources */ = {isa = PBXBuildFile; fileRef = 2089A1ED21BFF0EF0041F7E2 /* ClientsViewController.swift */; };
		2089A1F121BFF3690041F7E2 /* ClientTableViewCell.swift in Sources */ = {isa = PBXBuildFile; fileRef = 2089A1F021BFF3690041F7E2 /* ClientTableViewCell.swift */; };
		2089A1F921C00B3A0041F7E2 /* ClientModel.swift in Sources */ = {isa = PBXBuildFile; fileRef = 2089A1F821C00B3A0041F7E2 /* ClientModel.swift */; };
		2089F85A21BEB3BF0003D65F /* AppDelegate.swift in Sources */ = {isa = PBXBuildFile; fileRef = 2089F85921BEB3BF0003D65F /* AppDelegate.swift */; };
		2089F85F21BEB3BF0003D65F /* Main.storyboard in Resources */ = {isa = PBXBuildFile; fileRef = 2089F85D21BEB3BF0003D65F /* Main.storyboard */; };
		2089F86121BEB3C00003D65F /* Assets.xcassets in Resources */ = {isa = PBXBuildFile; fileRef = 2089F86021BEB3C00003D65F /* Assets.xcassets */; };
		2089F86421BEB3C00003D65F /* LaunchScreen.storyboard in Resources */ = {isa = PBXBuildFile; fileRef = 2089F86221BEB3C00003D65F /* LaunchScreen.storyboard */; };
		2089F86F21BEB3C00003D65F /* expensesTests.swift in Sources */ = {isa = PBXBuildFile; fileRef = 2089F86E21BEB3C00003D65F /* expensesTests.swift */; };
		2089F87A21BEB3C00003D65F /* expensesUITests.swift in Sources */ = {isa = PBXBuildFile; fileRef = 2089F87921BEB3C00003D65F /* expensesUITests.swift */; };
		2089F88A21BEB4C90003D65F /* Expense.swift in Sources */ = {isa = PBXBuildFile; fileRef = 2089F88921BEB4C90003D65F /* Expense.swift */; };
		2089F88C21BEB4D40003D65F /* Client.swift in Sources */ = {isa = PBXBuildFile; fileRef = 2089F88B21BEB4D40003D65F /* Client.swift */; };
		2089F88E21BEB5880003D65F /* CreateClientViewController.swift in Sources */ = {isa = PBXBuildFile; fileRef = 2089F88D21BEB5880003D65F /* CreateClientViewController.swift */; };
		2089F89021BEB5960003D65F /* CreateExpenseViewController.swift in Sources */ = {isa = PBXBuildFile; fileRef = 2089F88F21BEB5960003D65F /* CreateExpenseViewController.swift */; };
		43FCBBBC7451958CCE781DA0 /* Pods_expenses.framework in Frameworks */ = {isa = PBXBuildFile; fileRef = DEAD24A903DE4D4B65F5945C /* Pods_expenses.framework */; };
/* End PBXBuildFile section */

/* Begin PBXContainerItemProxy section */
		2089F86B21BEB3C00003D65F /* PBXContainerItemProxy */ = {
			isa = PBXContainerItemProxy;
			containerPortal = 2089F84E21BEB3BE0003D65F /* Project object */;
			proxyType = 1;
			remoteGlobalIDString = 2089F85521BEB3BF0003D65F;
			remoteInfo = expenses;
		};
		2089F87621BEB3C00003D65F /* PBXContainerItemProxy */ = {
			isa = PBXContainerItemProxy;
			containerPortal = 2089F84E21BEB3BE0003D65F /* Project object */;
			proxyType = 1;
			remoteGlobalIDString = 2089F85521BEB3BF0003D65F;
			remoteInfo = expenses;
		};
/* End PBXContainerItemProxy section */

/* Begin PBXFileReference section */
		20379F5321C114B90032CE24 /* Dashboard.storyboard */ = {isa = PBXFileReference; lastKnownFileType = file.storyboard; path = Dashboard.storyboard; sourceTree = "<group>"; };
		20379F5521C114DD0032CE24 /* Client.storyboard */ = {isa = PBXFileReference; lastKnownFileType = file.storyboard; path = Client.storyboard; sourceTree = "<group>"; };
		20379F5721C114F50032CE24 /* Expense.storyboard */ = {isa = PBXFileReference; lastKnownFileType = file.storyboard; path = Expense.storyboard; sourceTree = "<group>"; };
		2089A1ED21BFF0EF0041F7E2 /* ClientsViewController.swift */ = {isa = PBXFileReference; lastKnownFileType = sourcecode.swift; path = ClientsViewController.swift; sourceTree = "<group>"; };
		2089A1F021BFF3690041F7E2 /* ClientTableViewCell.swift */ = {isa = PBXFileReference; lastKnownFileType = sourcecode.swift; path = ClientTableViewCell.swift; sourceTree = "<group>"; };
		2089A1F821C00B3A0041F7E2 /* ClientModel.swift */ = {isa = PBXFileReference; lastKnownFileType = sourcecode.swift; path = ClientModel.swift; sourceTree = "<group>"; };
		2089F85621BEB3BF0003D65F /* expenses.app */ = {isa = PBXFileReference; explicitFileType = wrapper.application; includeInIndex = 0; path = expenses.app; sourceTree = BUILT_PRODUCTS_DIR; };
		2089F85921BEB3BF0003D65F /* AppDelegate.swift */ = {isa = PBXFileReference; lastKnownFileType = sourcecode.swift; path = AppDelegate.swift; sourceTree = "<group>"; };
		2089F85E21BEB3BF0003D65F /* Base */ = {isa = PBXFileReference; lastKnownFileType = file.storyboard; name = Base; path = Base.lproj/Main.storyboard; sourceTree = "<group>"; };
		2089F86021BEB3C00003D65F /* Assets.xcassets */ = {isa = PBXFileReference; lastKnownFileType = folder.assetcatalog; path = Assets.xcassets; sourceTree = "<group>"; };
		2089F86321BEB3C00003D65F /* Base */ = {isa = PBXFileReference; lastKnownFileType = file.storyboard; name = Base; path = Base.lproj/LaunchScreen.storyboard; sourceTree = "<group>"; };
		2089F86521BEB3C00003D65F /* Info.plist */ = {isa = PBXFileReference; lastKnownFileType = text.plist.xml; path = Info.plist; sourceTree = "<group>"; };
		2089F86A21BEB3C00003D65F /* expensesTests.xctest */ = {isa = PBXFileReference; explicitFileType = wrapper.cfbundle; includeInIndex = 0; path = expensesTests.xctest; sourceTree = BUILT_PRODUCTS_DIR; };
		2089F86E21BEB3C00003D65F /* expensesTests.swift */ = {isa = PBXFileReference; lastKnownFileType = sourcecode.swift; path = expensesTests.swift; sourceTree = "<group>"; };
		2089F87021BEB3C00003D65F /* Info.plist */ = {isa = PBXFileReference; lastKnownFileType = text.plist.xml; path = Info.plist; sourceTree = "<group>"; };
		2089F87521BEB3C00003D65F /* expensesUITests.xctest */ = {isa = PBXFileReference; explicitFileType = wrapper.cfbundle; includeInIndex = 0; path = expensesUITests.xctest; sourceTree = BUILT_PRODUCTS_DIR; };
		2089F87921BEB3C00003D65F /* expensesUITests.swift */ = {isa = PBXFileReference; lastKnownFileType = sourcecode.swift; path = expensesUITests.swift; sourceTree = "<group>"; };
		2089F87B21BEB3C00003D65F /* Info.plist */ = {isa = PBXFileReference; lastKnownFileType = text.plist.xml; path = Info.plist; sourceTree = "<group>"; };
		2089F88921BEB4C90003D65F /* Expense.swift */ = {isa = PBXFileReference; lastKnownFileType = sourcecode.swift; path = Expense.swift; sourceTree = "<group>"; };
		2089F88B21BEB4D40003D65F /* Client.swift */ = {isa = PBXFileReference; lastKnownFileType = sourcecode.swift; path = Client.swift; sourceTree = "<group>"; };
		2089F88D21BEB5880003D65F /* CreateClientViewController.swift */ = {isa = PBXFileReference; lastKnownFileType = sourcecode.swift; path = CreateClientViewController.swift; sourceTree = "<group>"; };
		2089F88F21BEB5960003D65F /* CreateExpenseViewController.swift */ = {isa = PBXFileReference; lastKnownFileType = sourcecode.swift; path = CreateExpenseViewController.swift; sourceTree = "<group>"; };
		52778F6A7FD508B8AC6C3FED /* Pods-expenses.release.xcconfig */ = {isa = PBXFileReference; includeInIndex = 1; lastKnownFileType = text.xcconfig; name = "Pods-expenses.release.xcconfig"; path = "Pods/Target Support Files/Pods-expenses/Pods-expenses.release.xcconfig"; sourceTree = "<group>"; };
		7B6A58E80E0AED505A325AA2 /* Pods-expenses.debug.xcconfig */ = {isa = PBXFileReference; includeInIndex = 1; lastKnownFileType = text.xcconfig; name = "Pods-expenses.debug.xcconfig"; path = "Pods/Target Support Files/Pods-expenses/Pods-expenses.debug.xcconfig"; sourceTree = "<group>"; };
		DEAD24A903DE4D4B65F5945C /* Pods_expenses.framework */ = {isa = PBXFileReference; explicitFileType = wrapper.framework; includeInIndex = 0; path = Pods_expenses.framework; sourceTree = BUILT_PRODUCTS_DIR; };
/* End PBXFileReference section */

/* Begin PBXFrameworksBuildPhase section */
		2089F85321BEB3BF0003D65F /* Frameworks */ = {
			isa = PBXFrameworksBuildPhase;
			buildActionMask = 2147483647;
			files = (
				43FCBBBC7451958CCE781DA0 /* Pods_expenses.framework in Frameworks */,
			);
			runOnlyForDeploymentPostprocessing = 0;
		};
		2089F86721BEB3C00003D65F /* Frameworks */ = {
			isa = PBXFrameworksBuildPhase;
			buildActionMask = 2147483647;
			files = (
			);
			runOnlyForDeploymentPostprocessing = 0;
		};
		2089F87221BEB3C00003D65F /* Frameworks */ = {
			isa = PBXFrameworksBuildPhase;
			buildActionMask = 2147483647;
			files = (
			);
			runOnlyForDeploymentPostprocessing = 0;
		};
/* End PBXFrameworksBuildPhase section */

/* Begin PBXGroup section */
		20379F5921C1150D0032CE24 /* Storyboards */ = {
			isa = PBXGroup;
			children = (
				2089F85D21BEB3BF0003D65F /* Main.storyboard */,
				20379F5321C114B90032CE24 /* Dashboard.storyboard */,
				20379F5521C114DD0032CE24 /* Client.storyboard */,
				20379F5721C114F50032CE24 /* Expense.storyboard */,
			);
			path = Storyboards;
			sourceTree = "<group>";
		};
		20379F5A21C137C90032CE24 /* Clients */ = {
			isa = PBXGroup;
			children = (
				2089A1ED21BFF0EF0041F7E2 /* ClientsViewController.swift */,
				2089F88D21BEB5880003D65F /* CreateClientViewController.swift */,
			);
			path = Clients;
			sourceTree = "<group>";
		};
		20379F5B21C137D00032CE24 /* Expenses */ = {
			isa = PBXGroup;
			children = (
				2089F88F21BEB5960003D65F /* CreateExpenseViewController.swift */,
			);
			path = Expenses;
			sourceTree = "<group>";
		};
		20379F5C21C137D70032CE24 /* Dahsboard */ = {
			isa = PBXGroup;
			children = (
			);
			path = Dahsboard;
			sourceTree = "<group>";
		};
		2089A1EF21BFF3470041F7E2 /* Views */ = {
			isa = PBXGroup;
			children = (
				2089A1F021BFF3690041F7E2 /* ClientTableViewCell.swift */,
			);
			path = Views;
			sourceTree = "<group>";
		};
		2089A1F621C00AF60041F7E2 /* Services */ = {
			isa = PBXGroup;
			children = (
			);
			path = Services;
			sourceTree = "<group>";
		};
		2089A1F721C00B2B0041F7E2 /* Model */ = {
			isa = PBXGroup;
			children = (
				2089A1F821C00B3A0041F7E2 /* ClientModel.swift */,
			);
			path = Model;
			sourceTree = "<group>";
		};
		2089F84D21BEB3BE0003D65F = {
			isa = PBXGroup;
			children = (
				2089F85821BEB3BF0003D65F /* expenses */,
				2089F86D21BEB3C00003D65F /* expensesTests */,
				2089F87821BEB3C00003D65F /* expensesUITests */,
				2089F85721BEB3BF0003D65F /* Products */,
				5EC10A9D6300043DD7596C30 /* Pods */,
				791CC94214A589D8A6FBE553 /* Frameworks */,
			);
			sourceTree = "<group>";
		};
		2089F85721BEB3BF0003D65F /* Products */ = {
			isa = PBXGroup;
			children = (
				2089F85621BEB3BF0003D65F /* expenses.app */,
				2089F86A21BEB3C00003D65F /* expensesTests.xctest */,
				2089F87521BEB3C00003D65F /* expensesUITests.xctest */,
			);
			name = Products;
			sourceTree = "<group>";
		};
		2089F85821BEB3BF0003D65F /* expenses */ = {
			isa = PBXGroup;
			children = (
				2089A1F621C00AF60041F7E2 /* Services */,
				2089A1F721C00B2B0041F7E2 /* Model */,
				2089F88721BEB4810003D65F /* Classes */,
				2089A1EF21BFF3470041F7E2 /* Views */,
				2089F88821BEB4890003D65F /* ViewControllers */,
				20379F5921C1150D0032CE24 /* Storyboards */,
				2089F86021BEB3C00003D65F /* Assets.xcassets */,
				2089F85921BEB3BF0003D65F /* AppDelegate.swift */,
				2089F86221BEB3C00003D65F /* LaunchScreen.storyboard */,
				2089F86521BEB3C00003D65F /* Info.plist */,
			);
			path = expenses;
			sourceTree = "<group>";
		};
		2089F86D21BEB3C00003D65F /* expensesTests */ = {
			isa = PBXGroup;
			children = (
				2089F86E21BEB3C00003D65F /* expensesTests.swift */,
				2089F87021BEB3C00003D65F /* Info.plist */,
			);
			path = expensesTests;
			sourceTree = "<group>";
		};
		2089F87821BEB3C00003D65F /* expensesUITests */ = {
			isa = PBXGroup;
			children = (
				2089F87921BEB3C00003D65F /* expensesUITests.swift */,
				2089F87B21BEB3C00003D65F /* Info.plist */,
			);
			path = expensesUITests;
			sourceTree = "<group>";
		};
		2089F88721BEB4810003D65F /* Classes */ = {
			isa = PBXGroup;
			children = (
				2089F88921BEB4C90003D65F /* Expense.swift */,
				2089F88B21BEB4D40003D65F /* Client.swift */,
			);
			path = Classes;
			sourceTree = "<group>";
		};
		2089F88821BEB4890003D65F /* ViewControllers */ = {
			isa = PBXGroup;
			children = (
				20379F5C21C137D70032CE24 /* Dahsboard */,
				20379F5B21C137D00032CE24 /* Expenses */,
				20379F5A21C137C90032CE24 /* Clients */,
			);
			path = ViewControllers;
			sourceTree = "<group>";
		};
		5EC10A9D6300043DD7596C30 /* Pods */ = {
			isa = PBXGroup;
			children = (
				7B6A58E80E0AED505A325AA2 /* Pods-expenses.debug.xcconfig */,
				52778F6A7FD508B8AC6C3FED /* Pods-expenses.release.xcconfig */,
			);
			name = Pods;
			sourceTree = "<group>";
		};
		791CC94214A589D8A6FBE553 /* Frameworks */ = {
			isa = PBXGroup;
			children = (
				DEAD24A903DE4D4B65F5945C /* Pods_expenses.framework */,
			);
			name = Frameworks;
			sourceTree = "<group>";
		};
/* End PBXGroup section */

/* Begin PBXNativeTarget section */
		2089F85521BEB3BF0003D65F /* expenses */ = {
			isa = PBXNativeTarget;
			buildConfigurationList = 2089F87E21BEB3C00003D65F /* Build configuration list for PBXNativeTarget "expenses" */;
			buildPhases = (
				C14E33954E84D673452059C8 /* [CP] Check Pods Manifest.lock */,
				2089F85221BEB3BF0003D65F /* Sources */,
				2089F85321BEB3BF0003D65F /* Frameworks */,
				2089F85421BEB3BF0003D65F /* Resources */,
				451CA772B9E0A7F92DBED660 /* [CP] Embed Pods Frameworks */,
			);
			buildRules = (
			);
			dependencies = (
			);
			name = expenses;
			productName = expenses;
			productReference = 2089F85621BEB3BF0003D65F /* expenses.app */;
			productType = "com.apple.product-type.application";
		};
		2089F86921BEB3C00003D65F /* expensesTests */ = {
			isa = PBXNativeTarget;
			buildConfigurationList = 2089F88121BEB3C00003D65F /* Build configuration list for PBXNativeTarget "expensesTests" */;
			buildPhases = (
				2089F86621BEB3C00003D65F /* Sources */,
				2089F86721BEB3C00003D65F /* Frameworks */,
				2089F86821BEB3C00003D65F /* Resources */,
			);
			buildRules = (
			);
			dependencies = (
				2089F86C21BEB3C00003D65F /* PBXTargetDependency */,
			);
			name = expensesTests;
			productName = expensesTests;
			productReference = 2089F86A21BEB3C00003D65F /* expensesTests.xctest */;
			productType = "com.apple.product-type.bundle.unit-test";
		};
		2089F87421BEB3C00003D65F /* expensesUITests */ = {
			isa = PBXNativeTarget;
			buildConfigurationList = 2089F88421BEB3C00003D65F /* Build configuration list for PBXNativeTarget "expensesUITests" */;
			buildPhases = (
				2089F87121BEB3C00003D65F /* Sources */,
				2089F87221BEB3C00003D65F /* Frameworks */,
				2089F87321BEB3C00003D65F /* Resources */,
			);
			buildRules = (
			);
			dependencies = (
				2089F87721BEB3C00003D65F /* PBXTargetDependency */,
			);
			name = expensesUITests;
			productName = expensesUITests;
			productReference = 2089F87521BEB3C00003D65F /* expensesUITests.xctest */;
			productType = "com.apple.product-type.bundle.ui-testing";
		};
/* End PBXNativeTarget section */

/* Begin PBXProject section */
		2089F84E21BEB3BE0003D65F /* Project object */ = {
			isa = PBXProject;
			attributes = {
				LastSwiftUpdateCheck = 1000;
				LastUpgradeCheck = 1000;
				ORGANIZATIONNAME = TudorAndreescu;
				TargetAttributes = {
					2089F85521BEB3BF0003D65F = {
						CreatedOnToolsVersion = 10.0;
					};
					2089F86921BEB3C00003D65F = {
						CreatedOnToolsVersion = 10.0;
						TestTargetID = 2089F85521BEB3BF0003D65F;
					};
					2089F87421BEB3C00003D65F = {
						CreatedOnToolsVersion = 10.0;
						TestTargetID = 2089F85521BEB3BF0003D65F;
					};
				};
			};
			buildConfigurationList = 2089F85121BEB3BE0003D65F /* Build configuration list for PBXProject "expenses" */;
			compatibilityVersion = "Xcode 9.3";
			developmentRegion = en;
			hasScannedForEncodings = 0;
			knownRegions = (
				en,
				Base,
			);
			mainGroup = 2089F84D21BEB3BE0003D65F;
			productRefGroup = 2089F85721BEB3BF0003D65F /* Products */;
			projectDirPath = "";
			projectRoot = "";
			targets = (
				2089F85521BEB3BF0003D65F /* expenses */,
				2089F86921BEB3C00003D65F /* expensesTests */,
				2089F87421BEB3C00003D65F /* expensesUITests */,
			);
		};
/* End PBXProject section */

/* Begin PBXResourcesBuildPhase section */
		2089F85421BEB3BF0003D65F /* Resources */ = {
			isa = PBXResourcesBuildPhase;
			buildActionMask = 2147483647;
			files = (
				2089F86421BEB3C00003D65F /* LaunchScreen.storyboard in Resources */,
				2089F86121BEB3C00003D65F /* Assets.xcassets in Resources */,
				2089F85F21BEB3BF0003D65F /* Main.storyboard in Resources */,
				20379F5621C114DD0032CE24 /* Client.storyboard in Resources */,
				20379F5421C114B90032CE24 /* Dashboard.storyboard in Resources */,
				20379F5821C114F50032CE24 /* Expense.storyboard in Resources */,
			);
			runOnlyForDeploymentPostprocessing = 0;
		};
		2089F86821BEB3C00003D65F /* Resources */ = {
			isa = PBXResourcesBuildPhase;
			buildActionMask = 2147483647;
			files = (
			);
			runOnlyForDeploymentPostprocessing = 0;
		};
		2089F87321BEB3C00003D65F /* Resources */ = {
			isa = PBXResourcesBuildPhase;
			buildActionMask = 2147483647;
			files = (
			);
			runOnlyForDeploymentPostprocessing = 0;
		};
/* End PBXResourcesBuildPhase section */

/* Begin PBXShellScriptBuildPhase section */
		451CA772B9E0A7F92DBED660 /* [CP] Embed Pods Frameworks */ = {
			isa = PBXShellScriptBuildPhase;
			buildActionMask = 2147483647;
			files = (
			);
			inputPaths = (
				"${SRCROOT}/Pods/Target Support Files/Pods-expenses/Pods-expenses-frameworks.sh",
				"${BUILT_PRODUCTS_DIR}/Realm/Realm.framework",
				"${BUILT_PRODUCTS_DIR}/RealmSwift/RealmSwift.framework",
			);
			name = "[CP] Embed Pods Frameworks";
			outputPaths = (
				"${TARGET_BUILD_DIR}/${FRAMEWORKS_FOLDER_PATH}/Realm.framework",
				"${TARGET_BUILD_DIR}/${FRAMEWORKS_FOLDER_PATH}/RealmSwift.framework",
			);
			runOnlyForDeploymentPostprocessing = 0;
			shellPath = /bin/sh;
			shellScript = "\"${SRCROOT}/Pods/Target Support Files/Pods-expenses/Pods-expenses-frameworks.sh\"\n";
			showEnvVarsInLog = 0;
		};
		C14E33954E84D673452059C8 /* [CP] Check Pods Manifest.lock */ = {
			isa = PBXShellScriptBuildPhase;
			buildActionMask = 2147483647;
			files = (
			);
			inputPaths = (
				"${PODS_PODFILE_DIR_PATH}/Podfile.lock",
				"${PODS_ROOT}/Manifest.lock",
			);
			name = "[CP] Check Pods Manifest.lock";
			outputPaths = (
				"$(DERIVED_FILE_DIR)/Pods-expenses-checkManifestLockResult.txt",
			);
			runOnlyForDeploymentPostprocessing = 0;
			shellPath = /bin/sh;
			shellScript = "diff \"${PODS_PODFILE_DIR_PATH}/Podfile.lock\" \"${PODS_ROOT}/Manifest.lock\" > /dev/null\nif [ $? != 0 ] ; then\n    # print error to STDERR\n    echo \"error: The sandbox is not in sync with the Podfile.lock. Run 'pod install' or update your CocoaPods installation.\" >&2\n    exit 1\nfi\n# This output is used by Xcode 'outputs' to avoid re-running this script phase.\necho \"SUCCESS\" > \"${SCRIPT_OUTPUT_FILE_0}\"\n";
			showEnvVarsInLog = 0;
		};
/* End PBXShellScriptBuildPhase section */

/* Begin PBXSourcesBuildPhase section */
		2089F85221BEB3BF0003D65F /* Sources */ = {
			isa = PBXSourcesBuildPhase;
			buildActionMask = 2147483647;
			files = (
				2089F88E21BEB5880003D65F /* CreateClientViewController.swift in Sources */,
				2089F88A21BEB4C90003D65F /* Expense.swift in Sources */,
				2089A1F921C00B3A0041F7E2 /* ClientModel.swift in Sources */,
				2089A1EE21BFF0EF0041F7E2 /* ClientsViewController.swift in Sources */,
				2089F89021BEB5960003D65F /* CreateExpenseViewController.swift in Sources */,
				2089F88C21BEB4D40003D65F /* Client.swift in Sources */,
				2089A1F121BFF3690041F7E2 /* ClientTableViewCell.swift in Sources */,
				2089F85A21BEB3BF0003D65F /* AppDelegate.swift in Sources */,
			);
			runOnlyForDeploymentPostprocessing = 0;
		};
		2089F86621BEB3C00003D65F /* Sources */ = {
			isa = PBXSourcesBuildPhase;
			buildActionMask = 2147483647;
			files = (
				2089F86F21BEB3C00003D65F /* expensesTests.swift in Sources */,
			);
			runOnlyForDeploymentPostprocessing = 0;
		};
		2089F87121BEB3C00003D65F /* Sources */ = {
			isa = PBXSourcesBuildPhase;
			buildActionMask = 2147483647;
			files = (
				2089F87A21BEB3C00003D65F /* expensesUITests.swift in Sources */,
			);
			runOnlyForDeploymentPostprocessing = 0;
		};
/* End PBXSourcesBuildPhase section */

/* Begin PBXTargetDependency section */
		2089F86C21BEB3C00003D65F /* PBXTargetDependency */ = {
			isa = PBXTargetDependency;
			target = 2089F85521BEB3BF0003D65F /* expenses */;
			targetProxy = 2089F86B21BEB3C00003D65F /* PBXContainerItemProxy */;
		};
		2089F87721BEB3C00003D65F /* PBXTargetDependency */ = {
			isa = PBXTargetDependency;
			target = 2089F85521BEB3BF0003D65F /* expenses */;
			targetProxy = 2089F87621BEB3C00003D65F /* PBXContainerItemProxy */;
		};
/* End PBXTargetDependency section */

/* Begin PBXVariantGroup section */
		2089F85D21BEB3BF0003D65F /* Main.storyboard */ = {
			isa = PBXVariantGroup;
			children = (
				2089F85E21BEB3BF0003D65F /* Base */,
			);
			name = Main.storyboard;
			sourceTree = "<group>";
		};
		2089F86221BEB3C00003D65F /* LaunchScreen.storyboard */ = {
			isa = PBXVariantGroup;
			children = (
				2089F86321BEB3C00003D65F /* Base */,
			);
			name = LaunchScreen.storyboard;
			sourceTree = "<group>";
		};
/* End PBXVariantGroup section */

/* Begin XCBuildConfiguration section */
		2089F87C21BEB3C00003D65F /* Debug */ = {
			isa = XCBuildConfiguration;
			buildSettings = {
				ALWAYS_SEARCH_USER_PATHS = NO;
				CLANG_ANALYZER_NONNULL = YES;
				CLANG_ANALYZER_NUMBER_OBJECT_CONVERSION = YES_AGGRESSIVE;
				CLANG_CXX_LANGUAGE_STANDARD = "gnu++14";
				CLANG_CXX_LIBRARY = "libc++";
				CLANG_ENABLE_MODULES = YES;
				CLANG_ENABLE_OBJC_ARC = YES;
				CLANG_ENABLE_OBJC_WEAK = YES;
				CLANG_WARN_BLOCK_CAPTURE_AUTORELEASING = YES;
				CLANG_WARN_BOOL_CONVERSION = YES;
				CLANG_WARN_COMMA = YES;
				CLANG_WARN_CONSTANT_CONVERSION = YES;
				CLANG_WARN_DEPRECATED_OBJC_IMPLEMENTATIONS = YES;
				CLANG_WARN_DIRECT_OBJC_ISA_USAGE = YES_ERROR;
				CLANG_WARN_DOCUMENTATION_COMMENTS = YES;
				CLANG_WARN_EMPTY_BODY = YES;
				CLANG_WARN_ENUM_CONVERSION = YES;
				CLANG_WARN_INFINITE_RECURSION = YES;
				CLANG_WARN_INT_CONVERSION = YES;
				CLANG_WARN_NON_LITERAL_NULL_CONVERSION = YES;
				CLANG_WARN_OBJC_IMPLICIT_RETAIN_SELF = YES;
				CLANG_WARN_OBJC_LITERAL_CONVERSION = YES;
				CLANG_WARN_OBJC_ROOT_CLASS = YES_ERROR;
				CLANG_WARN_RANGE_LOOP_ANALYSIS = YES;
				CLANG_WARN_STRICT_PROTOTYPES = YES;
				CLANG_WARN_SUSPICIOUS_MOVE = YES;
				CLANG_WARN_UNGUARDED_AVAILABILITY = YES_AGGRESSIVE;
				CLANG_WARN_UNREACHABLE_CODE = YES;
				CLANG_WARN__DUPLICATE_METHOD_MATCH = YES;
				CODE_SIGN_IDENTITY = "iPhone Developer";
				COPY_PHASE_STRIP = NO;
				DEBUG_INFORMATION_FORMAT = dwarf;
				ENABLE_STRICT_OBJC_MSGSEND = YES;
				ENABLE_TESTABILITY = YES;
				GCC_C_LANGUAGE_STANDARD = gnu11;
				GCC_DYNAMIC_NO_PIC = NO;
				GCC_NO_COMMON_BLOCKS = YES;
				GCC_OPTIMIZATION_LEVEL = 0;
				GCC_PREPROCESSOR_DEFINITIONS = (
					"DEBUG=1",
					"$(inherited)",
				);
				GCC_WARN_64_TO_32_BIT_CONVERSION = YES;
				GCC_WARN_ABOUT_RETURN_TYPE = YES_ERROR;
				GCC_WARN_UNDECLARED_SELECTOR = YES;
				GCC_WARN_UNINITIALIZED_AUTOS = YES_AGGRESSIVE;
				GCC_WARN_UNUSED_FUNCTION = YES;
				GCC_WARN_UNUSED_VARIABLE = YES;
				IPHONEOS_DEPLOYMENT_TARGET = 12.0;
				MTL_ENABLE_DEBUG_INFO = INCLUDE_SOURCE;
				MTL_FAST_MATH = YES;
				ONLY_ACTIVE_ARCH = YES;
				SDKROOT = iphoneos;
				SWIFT_ACTIVE_COMPILATION_CONDITIONS = DEBUG;
				SWIFT_OPTIMIZATION_LEVEL = "-Onone";
			};
			name = Debug;
		};
		2089F87D21BEB3C00003D65F /* Release */ = {
			isa = XCBuildConfiguration;
			buildSettings = {
				ALWAYS_SEARCH_USER_PATHS = NO;
				CLANG_ANALYZER_NONNULL = YES;
				CLANG_ANALYZER_NUMBER_OBJECT_CONVERSION = YES_AGGRESSIVE;
				CLANG_CXX_LANGUAGE_STANDARD = "gnu++14";
				CLANG_CXX_LIBRARY = "libc++";
				CLANG_ENABLE_MODULES = YES;
				CLANG_ENABLE_OBJC_ARC = YES;
				CLANG_ENABLE_OBJC_WEAK = YES;
				CLANG_WARN_BLOCK_CAPTURE_AUTORELEASING = YES;
				CLANG_WARN_BOOL_CONVERSION = YES;
				CLANG_WARN_COMMA = YES;
				CLANG_WARN_CONSTANT_CONVERSION = YES;
				CLANG_WARN_DEPRECATED_OBJC_IMPLEMENTATIONS = YES;
				CLANG_WARN_DIRECT_OBJC_ISA_USAGE = YES_ERROR;
				CLANG_WARN_DOCUMENTATION_COMMENTS = YES;
				CLANG_WARN_EMPTY_BODY = YES;
				CLANG_WARN_ENUM_CONVERSION = YES;
				CLANG_WARN_INFINITE_RECURSION = YES;
				CLANG_WARN_INT_CONVERSION = YES;
				CLANG_WARN_NON_LITERAL_NULL_CONVERSION = YES;
				CLANG_WARN_OBJC_IMPLICIT_RETAIN_SELF = YES;
				CLANG_WARN_OBJC_LITERAL_CONVERSION = YES;
				CLANG_WARN_OBJC_ROOT_CLASS = YES_ERROR;
				CLANG_WARN_RANGE_LOOP_ANALYSIS = YES;
				CLANG_WARN_STRICT_PROTOTYPES = YES;
				CLANG_WARN_SUSPICIOUS_MOVE = YES;
				CLANG_WARN_UNGUARDED_AVAILABILITY = YES_AGGRESSIVE;
				CLANG_WARN_UNREACHABLE_CODE = YES;
				CLANG_WARN__DUPLICATE_METHOD_MATCH = YES;
				CODE_SIGN_IDENTITY = "iPhone Developer";
				COPY_PHASE_STRIP = NO;
				DEBUG_INFORMATION_FORMAT = "dwarf-with-dsym";
				ENABLE_NS_ASSERTIONS = NO;
				ENABLE_STRICT_OBJC_MSGSEND = YES;
				GCC_C_LANGUAGE_STANDARD = gnu11;
				GCC_NO_COMMON_BLOCKS = YES;
				GCC_WARN_64_TO_32_BIT_CONVERSION = YES;
				GCC_WARN_ABOUT_RETURN_TYPE = YES_ERROR;
				GCC_WARN_UNDECLARED_SELECTOR = YES;
				GCC_WARN_UNINITIALIZED_AUTOS = YES_AGGRESSIVE;
				GCC_WARN_UNUSED_FUNCTION = YES;
				GCC_WARN_UNUSED_VARIABLE = YES;
				IPHONEOS_DEPLOYMENT_TARGET = 12.0;
				MTL_ENABLE_DEBUG_INFO = NO;
				MTL_FAST_MATH = YES;
				SDKROOT = iphoneos;
				SWIFT_COMPILATION_MODE = wholemodule;
				SWIFT_OPTIMIZATION_LEVEL = "-O";
				VALIDATE_PRODUCT = YES;
			};
			name = Release;
		};
		2089F87F21BEB3C00003D65F /* Debug */ = {
			isa = XCBuildConfiguration;
			baseConfigurationReference = 7B6A58E80E0AED505A325AA2 /* Pods-expenses.debug.xcconfig */;
			buildSettings = {
				ASSETCATALOG_COMPILER_APPICON_NAME = AppIcon;
				CODE_SIGN_STYLE = Automatic;
				INFOPLIST_FILE = expenses/Info.plist;
				LD_RUNPATH_SEARCH_PATHS = (
					"$(inherited)",
					"@executable_path/Frameworks",
				);
				PRODUCT_BUNDLE_IDENTIFIER = com.parhelion.expenses;
				PRODUCT_NAME = "$(TARGET_NAME)";
				SWIFT_VERSION = 4.2;
				TARGETED_DEVICE_FAMILY = "1,2";
			};
			name = Debug;
		};
		2089F88021BEB3C00003D65F /* Release */ = {
			isa = XCBuildConfiguration;
			baseConfigurationReference = 52778F6A7FD508B8AC6C3FED /* Pods-expenses.release.xcconfig */;
			buildSettings = {
				ASSETCATALOG_COMPILER_APPICON_NAME = AppIcon;
				CODE_SIGN_STYLE = Automatic;
				INFOPLIST_FILE = expenses/Info.plist;
				LD_RUNPATH_SEARCH_PATHS = (
					"$(inherited)",
					"@executable_path/Frameworks",
				);
				PRODUCT_BUNDLE_IDENTIFIER = com.parhelion.expenses;
				PRODUCT_NAME = "$(TARGET_NAME)";
				SWIFT_VERSION = 4.2;
				TARGETED_DEVICE_FAMILY = "1,2";
			};
			name = Release;
		};
		2089F88221BEB3C00003D65F /* Debug */ = {
			isa = XCBuildConfiguration;
			buildSettings = {
				ALWAYS_EMBED_SWIFT_STANDARD_LIBRARIES = YES;
				BUNDLE_LOADER = "$(TEST_HOST)";
				CODE_SIGN_STYLE = Automatic;
				INFOPLIST_FILE = expensesTests/Info.plist;
				LD_RUNPATH_SEARCH_PATHS = (
					"$(inherited)",
					"@executable_path/Frameworks",
					"@loader_path/Frameworks",
				);
				PRODUCT_BUNDLE_IDENTIFIER = com.parhelion.expensesTests;
				PRODUCT_NAME = "$(TARGET_NAME)";
				SWIFT_VERSION = 4.2;
				TARGETED_DEVICE_FAMILY = "1,2";
				TEST_HOST = "$(BUILT_PRODUCTS_DIR)/expenses.app/expenses";
			};
			name = Debug;
		};
		2089F88321BEB3C00003D65F /* Release */ = {
			isa = XCBuildConfiguration;
			buildSettings = {
				ALWAYS_EMBED_SWIFT_STANDARD_LIBRARIES = YES;
				BUNDLE_LOADER = "$(TEST_HOST)";
				CODE_SIGN_STYLE = Automatic;
				INFOPLIST_FILE = expensesTests/Info.plist;
				LD_RUNPATH_SEARCH_PATHS = (
					"$(inherited)",
					"@executable_path/Frameworks",
					"@loader_path/Frameworks",
				);
				PRODUCT_BUNDLE_IDENTIFIER = com.parhelion.expensesTests;
				PRODUCT_NAME = "$(TARGET_NAME)";
				SWIFT_VERSION = 4.2;
				TARGETED_DEVICE_FAMILY = "1,2";
				TEST_HOST = "$(BUILT_PRODUCTS_DIR)/expenses.app/expenses";
			};
			name = Release;
		};
		2089F88521BEB3C00003D65F /* Debug */ = {
			isa = XCBuildConfiguration;
			buildSettings = {
				ALWAYS_EMBED_SWIFT_STANDARD_LIBRARIES = YES;
				CODE_SIGN_STYLE = Automatic;
				INFOPLIST_FILE = expensesUITests/Info.plist;
				LD_RUNPATH_SEARCH_PATHS = (
					"$(inherited)",
					"@executable_path/Frameworks",
					"@loader_path/Frameworks",
				);
				PRODUCT_BUNDLE_IDENTIFIER = com.parhelion.expensesUITests;
				PRODUCT_NAME = "$(TARGET_NAME)";
				SWIFT_VERSION = 4.2;
				TARGETED_DEVICE_FAMILY = "1,2";
				TEST_TARGET_NAME = expenses;
			};
			name = Debug;
		};
		2089F88621BEB3C00003D65F /* Release */ = {
			isa = XCBuildConfiguration;
			buildSettings = {
				ALWAYS_EMBED_SWIFT_STANDARD_LIBRARIES = YES;
				CODE_SIGN_STYLE = Automatic;
				INFOPLIST_FILE = expensesUITests/Info.plist;
				LD_RUNPATH_SEARCH_PATHS = (
					"$(inherited)",
					"@executable_path/Frameworks",
					"@loader_path/Frameworks",
				);
				PRODUCT_BUNDLE_IDENTIFIER = com.parhelion.expensesUITests;
				PRODUCT_NAME = "$(TARGET_NAME)";
				SWIFT_VERSION = 4.2;
				TARGETED_DEVICE_FAMILY = "1,2";
				TEST_TARGET_NAME = expenses;
			};
			name = Release;
		};
/* End XCBuildConfiguration section */

/* Begin XCConfigurationList section */
		2089F85121BEB3BE0003D65F /* Build configuration list for PBXProject "expenses" */ = {
			isa = XCConfigurationList;
			buildConfigurations = (
				2089F87C21BEB3C00003D65F /* Debug */,
				2089F87D21BEB3C00003D65F /* Release */,
			);
			defaultConfigurationIsVisible = 0;
			defaultConfigurationName = Release;
		};
		2089F87E21BEB3C00003D65F /* Build configuration list for PBXNativeTarget "expenses" */ = {
			isa = XCConfigurationList;
			buildConfigurations = (
				2089F87F21BEB3C00003D65F /* Debug */,
				2089F88021BEB3C00003D65F /* Release */,
			);
			defaultConfigurationIsVisible = 0;
			defaultConfigurationName = Release;
		};
		2089F88121BEB3C00003D65F /* Build configuration list for PBXNativeTarget "expensesTests" */ = {
			isa = XCConfigurationList;
			buildConfigurations = (
				2089F88221BEB3C00003D65F /* Debug */,
				2089F88321BEB3C00003D65F /* Release */,
			);
			defaultConfigurationIsVisible = 0;
			defaultConfigurationName = Release;
		};
		2089F88421BEB3C00003D65F /* Build configuration list for PBXNativeTarget "expensesUITests" */ = {
			isa = XCConfigurationList;
			buildConfigurations = (
				2089F88521BEB3C00003D65F /* Debug */,
				2089F88621BEB3C00003D65F /* Release */,
			);
			defaultConfigurationIsVisible = 0;
			defaultConfigurationName = Release;
		};
/* End XCConfigurationList section */
	};
	rootObject = 2089F84E21BEB3BE0003D65F /* Project object */;
}
